// !$*UTF8*$!
{
	archiveVersion = 1;
	classes = {
	};
	objectVersion = 50;
	objects = {

/* Begin PBXBuildFile section */
		1BF5CA982412D4D900DD0876 /* AppDelegate.swift in Sources */ = {isa = PBXBuildFile; fileRef = 1BF5CA972412D4D900DD0876 /* AppDelegate.swift */; };
		1BF5CA9A2412D4D900DD0876 /* SceneDelegate.swift in Sources */ = {isa = PBXBuildFile; fileRef = 1BF5CA992412D4D900DD0876 /* SceneDelegate.swift */; };
		1BF5CA9F2412D4D900DD0876 /* Main.storyboard in Resources */ = {isa = PBXBuildFile; fileRef = 1BF5CA9D2412D4D900DD0876 /* Main.storyboard */; };
		1BF5CAA12412D4DF00DD0876 /* Assets.xcassets in Resources */ = {isa = PBXBuildFile; fileRef = 1BF5CAA02412D4DF00DD0876 /* Assets.xcassets */; };
		1BF5CAA42412D4DF00DD0876 /* LaunchScreen.storyboard in Resources */ = {isa = PBXBuildFile; fileRef = 1BF5CAA22412D4DF00DD0876 /* LaunchScreen.storyboard */; };
		1BF5CABF2412DBDF00DD0876 /* ViewController.swift in Sources */ = {isa = PBXBuildFile; fileRef = 1BF5CABE2412DBDF00DD0876 /* ViewController.swift */; };
		1BF5CAC12412DC2100DD0876 /* Validator.swift in Sources */ = {isa = PBXBuildFile; fileRef = 1BF5CAC02412DC2100DD0876 /* Validator.swift */; };
		1BF5CAC32412DECA00DD0876 /* ValidatorTestCase.swift in Sources */ = {isa = PBXBuildFile; fileRef = 1BF5CAC22412DECA00DD0876 /* ValidatorTestCase.swift */; };
/* End PBXBuildFile section */

/* Begin PBXContainerItemProxy section */
		1BF5CAAB2412D4DF00DD0876 /* PBXContainerItemProxy */ = {
			isa = PBXContainerItemProxy;
			containerPortal = 1BF5CA8C2412D4D900DD0876 /* Project object */;
			proxyType = 1;
			remoteGlobalIDString = 1BF5CA932412D4D900DD0876;
			remoteInfo = "Example-4";
		};
/* End PBXContainerItemProxy section */

/* Begin PBXFileReference section */
		1BF5CA942412D4D900DD0876 /* Example-4.app */ = {isa = PBXFileReference; explicitFileType = wrapper.application; includeInIndex = 0; path = "Example-4.app"; sourceTree = BUILT_PRODUCTS_DIR; };
		1BF5CA972412D4D900DD0876 /* AppDelegate.swift */ = {isa = PBXFileReference; lastKnownFileType = sourcecode.swift; path = AppDelegate.swift; sourceTree = "<group>"; };
		1BF5CA992412D4D900DD0876 /* SceneDelegate.swift */ = {isa = PBXFileReference; lastKnownFileType = sourcecode.swift; path = SceneDelegate.swift; sourceTree = "<group>"; };
		1BF5CA9E2412D4D900DD0876 /* Base */ = {isa = PBXFileReference; lastKnownFileType = file.storyboard; name = Base; path = Base.lproj/Main.storyboard; sourceTree = "<group>"; };
		1BF5CAA02412D4DF00DD0876 /* Assets.xcassets */ = {isa = PBXFileReference; lastKnownFileType = folder.assetcatalog; path = Assets.xcassets; sourceTree = "<group>"; };
		1BF5CAA32412D4DF00DD0876 /* Base */ = {isa = PBXFileReference; lastKnownFileType = file.storyboard; name = Base; path = Base.lproj/LaunchScreen.storyboard; sourceTree = "<group>"; };
		1BF5CAA52412D4DF00DD0876 /* Info.plist */ = {isa = PBXFileReference; lastKnownFileType = text.plist.xml; path = Info.plist; sourceTree = "<group>"; };
		1BF5CAAA2412D4DF00DD0876 /* Example-4Tests.xctest */ = {isa = PBXFileReference; explicitFileType = wrapper.cfbundle; includeInIndex = 0; path = "Example-4Tests.xctest"; sourceTree = BUILT_PRODUCTS_DIR; };
		1BF5CAB02412D4DF00DD0876 /* Info.plist */ = {isa = PBXFileReference; lastKnownFileType = text.plist.xml; path = Info.plist; sourceTree = "<group>"; };
		1BF5CABE2412DBDF00DD0876 /* ViewController.swift */ = {isa = PBXFileReference; fileEncoding = 4; lastKnownFileType = sourcecode.swift; path = ViewController.swift; sourceTree = "<group>"; };
		1BF5CAC02412DC2100DD0876 /* Validator.swift */ = {isa = PBXFileReference; lastKnownFileType = sourcecode.swift; path = Validator.swift; sourceTree = "<group>"; };
		1BF5CAC22412DECA00DD0876 /* ValidatorTestCase.swift */ = {isa = PBXFileReference; lastKnownFileType = sourcecode.swift; path = ValidatorTestCase.swift; sourceTree = "<group>"; };
/* End PBXFileReference section */

/* Begin PBXFrameworksBuildPhase section */
		1BF5CA912412D4D900DD0876 /* Frameworks */ = {
			isa = PBXFrameworksBuildPhase;
			buildActionMask = 2147483647;
			files = (
			);
			runOnlyForDeploymentPostprocessing = 0;
		};
		1BF5CAA72412D4DF00DD0876 /* Frameworks */ = {
			isa = PBXFrameworksBuildPhase;
			buildActionMask = 2147483647;
			files = (
			);
			runOnlyForDeploymentPostprocessing = 0;
		};
/* End PBXFrameworksBuildPhase section */

/* Begin PBXGroup section */
		1BF5CA8B2412D4D900DD0876 = {
			isa = PBXGroup;
			children = (
				1BF5CA962412D4D900DD0876 /* Example-4 */,
				1BF5CAAD2412D4DF00DD0876 /* Example-4Tests */,
				1BF5CA952412D4D900DD0876 /* Products */,
			);
			sourceTree = "<group>";
		};
		1BF5CA952412D4D900DD0876 /* Products */ = {
			isa = PBXGroup;
			children = (
				1BF5CA942412D4D900DD0876 /* Example-4.app */,
				1BF5CAAA2412D4DF00DD0876 /* Example-4Tests.xctest */,
			);
			name = Products;
			sourceTree = "<group>";
		};
		1BF5CA962412D4D900DD0876 /* Example-4 */ = {
			isa = PBXGroup;
			children = (
				1BF5CA972412D4D900DD0876 /* AppDelegate.swift */,
				1BF5CA992412D4D900DD0876 /* SceneDelegate.swift */,
				1BF5CABE2412DBDF00DD0876 /* ViewController.swift */,
				1BF5CAC02412DC2100DD0876 /* Validator.swift */,
				1BF5CA9D2412D4D900DD0876 /* Main.storyboard */,
				1BF5CAA02412D4DF00DD0876 /* Assets.xcassets */,
				1BF5CAA22412D4DF00DD0876 /* LaunchScreen.storyboard */,
				1BF5CAA52412D4DF00DD0876 /* Info.plist */,
			);
			path = "Example-4";
			sourceTree = "<group>";
		};
		1BF5CAAD2412D4DF00DD0876 /* Example-4Tests */ = {
			isa = PBXGroup;
			children = (
				1BF5CAC22412DECA00DD0876 /* ValidatorTestCase.swift */,
				1BF5CAB02412D4DF00DD0876 /* Info.plist */,
			);
			path = "Example-4Tests";
			sourceTree = "<group>";
		};
/* End PBXGroup section */

/* Begin PBXNativeTarget section */
		1BF5CA932412D4D900DD0876 /* Example-4 */ = {
			isa = PBXNativeTarget;
			buildConfigurationList = 1BF5CAB32412D4DF00DD0876 /* Build configuration list for PBXNativeTarget "Example-4" */;
			buildPhases = (
				1BF5CA902412D4D900DD0876 /* Sources */,
				1BF5CA912412D4D900DD0876 /* Frameworks */,
				1BF5CA922412D4D900DD0876 /* Resources */,
			);
			buildRules = (
			);
			dependencies = (
			);
			name = "Example-4";
			productName = "Example-4";
			productReference = 1BF5CA942412D4D900DD0876 /* Example-4.app */;
			productType = "com.apple.product-type.application";
		};
		1BF5CAA92412D4DF00DD0876 /* Example-4Tests */ = {
			isa = PBXNativeTarget;
			buildConfigurationList = 1BF5CAB62412D4DF00DD0876 /* Build configuration list for PBXNativeTarget "Example-4Tests" */;
			buildPhases = (
				1BF5CAA62412D4DF00DD0876 /* Sources */,
				1BF5CAA72412D4DF00DD0876 /* Frameworks */,
				1BF5CAA82412D4DF00DD0876 /* Resources */,
			);
			buildRules = (
			);
			dependencies = (
				1BF5CAAC2412D4DF00DD0876 /* PBXTargetDependency */,
			);
			name = "Example-4Tests";
			productName = "Example-4Tests";
			productReference = 1BF5CAAA2412D4DF00DD0876 /* Example-4Tests.xctest */;
			productType = "com.apple.product-type.bundle.unit-test";
		};
/* End PBXNativeTarget section */

/* Begin PBXProject section */
		1BF5CA8C2412D4D900DD0876 /* Project object */ = {
			isa = PBXProject;
			attributes = {
				LastSwiftUpdateCheck = 1130;
				LastUpgradeCheck = 1130;
				ORGANIZATIONNAME = home;
				TargetAttributes = {
					1BF5CA932412D4D900DD0876 = {
						CreatedOnToolsVersion = 11.3.1;
					};
					1BF5CAA92412D4DF00DD0876 = {
						CreatedOnToolsVersion = 11.3.1;
						TestTargetID = 1BF5CA932412D4D900DD0876;
					};
				};
			};
			buildConfigurationList = 1BF5CA8F2412D4D900DD0876 /* Build configuration list for PBXProject "Example-4" */;
			compatibilityVersion = "Xcode 9.3";
			developmentRegion = en;
			hasScannedForEncodings = 0;
			knownRegions = (
				en,
				Base,
			);
			mainGroup = 1BF5CA8B2412D4D900DD0876;
			productRefGroup = 1BF5CA952412D4D900DD0876 /* Products */;
			projectDirPath = "";
			projectRoot = "";
			targets = (
				1BF5CA932412D4D900DD0876 /* Example-4 */,
				1BF5CAA92412D4DF00DD0876 /* Example-4Tests */,
			);
		};
/* End PBXProject section */

/* Begin PBXResourcesBuildPhase section */
		1BF5CA922412D4D900DD0876 /* Resources */ = {
			isa = PBXResourcesBuildPhase;
			buildActionMask = 2147483647;
			files = (
				1BF5CAA42412D4DF00DD0876 /* LaunchScreen.storyboard in Resources */,
				1BF5CAA12412D4DF00DD0876 /* Assets.xcassets in Resources */,
				1BF5CA9F2412D4D900DD0876 /* Main.storyboard in Resources */,
			);
			runOnlyForDeploymentPostprocessing = 0;
		};
		1BF5CAA82412D4DF00DD0876 /* Resources */ = {
			isa = PBXResourcesBuildPhase;
			buildActionMask = 2147483647;
			files = (
			);
			runOnlyForDeploymentPostprocessing = 0;
		};
/* End PBXResourcesBuildPhase section */

/* Begin PBXSourcesBuildPhase section */
		1BF5CA902412D4D900DD0876 /* Sources */ = {
			isa = PBXSourcesBuildPhase;
			buildActionMask = 2147483647;
			files = (
				1BF5CAC12412DC2100DD0876 /* Validator.swift in Sources */,
				1BF5CABF2412DBDF00DD0876 /* ViewController.swift in Sources */,
				1BF5CA982412D4D900DD0876 /* AppDelegate.swift in Sources */,
				1BF5CA9A2412D4D900DD0876 /* SceneDelegate.swift in Sources */,
			);
			runOnlyForDeploymentPostprocessing = 0;
		};
		1BF5CAA62412D4DF00DD0876 /* Sources */ = {
			isa = PBXSourcesBuildPhase;
			buildActionMask = 2147483647;
			files = (
				1BF5CAC32412DECA00DD0876 /* ValidatorTestCase.swift in Sources */,
			);
			runOnlyForDeploymentPostprocessing = 0;
		};
/* End PBXSourcesBuildPhase section */

/* Begin PBXTargetDependency section */
		1BF5CAAC2412D4DF00DD0876 /* PBXTargetDependency */ = {
			isa = PBXTargetDependency;
			target = 1BF5CA932412D4D900DD0876 /* Example-4 */;
			targetProxy = 1BF5CAAB2412D4DF00DD0876 /* PBXContainerItemProxy */;
		};
/* End PBXTargetDependency section */

/* Begin PBXVariantGroup section */
		1BF5CA9D2412D4D900DD0876 /* Main.storyboard */ = {
			isa = PBXVariantGroup;
			children = (
				1BF5CA9E2412D4D900DD0876 /* Base */,
			);
			name = Main.storyboard;
			sourceTree = "<group>";
		};
		1BF5CAA22412D4DF00DD0876 /* LaunchScreen.storyboard */ = {
			isa = PBXVariantGroup;
			children = (
				1BF5CAA32412D4DF00DD0876 /* Base */,
			);
			name = LaunchScreen.storyboard;
			sourceTree = "<group>";
		};
/* End PBXVariantGroup section */

/* Begin XCBuildConfiguration section */
		1BF5CAB12412D4DF00DD0876 /* Debug */ = {
			isa = XCBuildConfiguration;
			buildSettings = {
				ALWAYS_SEARCH_USER_PATHS = NO;
				CLANG_ANALYZER_NONNULL = YES;
				CLANG_ANALYZER_NUMBER_OBJECT_CONVERSION = YES_AGGRESSIVE;
				CLANG_CXX_LANGUAGE_STANDARD = "gnu++14";
				CLANG_CXX_LIBRARY = "libc++";
				CLANG_ENABLE_MODULES = YES;
				CLANG_ENABLE_OBJC_ARC = YES;
				CLANG_ENABLE_OBJC_WEAK = YES;
				CLANG_WARN_BLOCK_CAPTURE_AUTORELEASING = YES;
				CLANG_WARN_BOOL_CONVERSION = YES;
				CLANG_WARN_COMMA = YES;
				CLANG_WARN_CONSTANT_CONVERSION = YES;
				CLANG_WARN_DEPRECATED_OBJC_IMPLEMENTATIONS = YES;
				CLANG_WARN_DIRECT_OBJC_ISA_USAGE = YES_ERROR;
				CLANG_WARN_DOCUMENTATION_COMMENTS = YES;
				CLANG_WARN_EMPTY_BODY = YES;
				CLANG_WARN_ENUM_CONVERSION = YES;
				CLANG_WARN_INFINITE_RECURSION = YES;
				CLANG_WARN_INT_CONVERSION = YES;
				CLANG_WARN_NON_LITERAL_NULL_CONVERSION = YES;
				CLANG_WARN_OBJC_IMPLICIT_RETAIN_SELF = YES;
				CLANG_WARN_OBJC_LITERAL_CONVERSION = YES;
				CLANG_WARN_OBJC_ROOT_CLASS = YES_ERROR;
				CLANG_WARN_RANGE_LOOP_ANALYSIS = YES;
				CLANG_WARN_STRICT_PROTOTYPES = YES;
				CLANG_WARN_SUSPICIOUS_MOVE = YES;
				CLANG_WARN_UNGUARDED_AVAILABILITY = YES_AGGRESSIVE;
				CLANG_WARN_UNREACHABLE_CODE = YES;
				CLANG_WARN__DUPLICATE_METHOD_MATCH = YES;
				COPY_PHASE_STRIP = NO;
				DEBUG_INFORMATION_FORMAT = dwarf;
				ENABLE_STRICT_OBJC_MSGSEND = YES;
				ENABLE_TESTABILITY = YES;
				GCC_C_LANGUAGE_STANDARD = gnu11;
				GCC_DYNAMIC_NO_PIC = NO;
				GCC_NO_COMMON_BLOCKS = YES;
				GCC_OPTIMIZATION_LEVEL = 0;
				GCC_PREPROCESSOR_DEFINITIONS = (
					"DEBUG=1",
					"$(inherited)",
				);
				GCC_WARN_64_TO_32_BIT_CONVERSION = YES;
				GCC_WARN_ABOUT_RETURN_TYPE = YES_ERROR;
				GCC_WARN_UNDECLARED_SELECTOR = YES;
				GCC_WARN_UNINITIALIZED_AUTOS = YES_AGGRESSIVE;
				GCC_WARN_UNUSED_FUNCTION = YES;
				GCC_WARN_UNUSED_VARIABLE = YES;
				IPHONEOS_DEPLOYMENT_TARGET = 13.2;
				MTL_ENABLE_DEBUG_INFO = INCLUDE_SOURCE;
				MTL_FAST_MATH = YES;
				ONLY_ACTIVE_ARCH = YES;
				SDKROOT = iphoneos;
				SWIFT_ACTIVE_COMPILATION_CONDITIONS = DEBUG;
				SWIFT_OPTIMIZATION_LEVEL = "-Onone";
			};
			name = Debug;
		};
		1BF5CAB22412D4DF00DD0876 /* Release */ = {
			isa = XCBuildConfiguration;
			buildSettings = {
				ALWAYS_SEARCH_USER_PATHS = NO;
				CLANG_ANALYZER_NONNULL = YES;
				CLANG_ANALYZER_NUMBER_OBJECT_CONVERSION = YES_AGGRESSIVE;
				CLANG_CXX_LANGUAGE_STANDARD = "gnu++14";
				CLANG_CXX_LIBRARY = "libc++";
				CLANG_ENABLE_MODULES = YES;
				CLANG_ENABLE_OBJC_ARC = YES;
				CLANG_ENABLE_OBJC_WEAK = YES;
				CLANG_WARN_BLOCK_CAPTURE_AUTORELEASING = YES;
				CLANG_WARN_BOOL_CONVERSION = YES;
				CLANG_WARN_COMMA = YES;
				CLANG_WARN_CONSTANT_CONVERSION = YES;
				CLANG_WARN_DEPRECATED_OBJC_IMPLEMENTATIONS = YES;
				CLANG_WARN_DIRECT_OBJC_ISA_USAGE = YES_ERROR;
				CLANG_WARN_DOCUMENTATION_COMMENTS = YES;
				CLANG_WARN_EMPTY_BODY = YES;
				CLANG_WARN_ENUM_CONVERSION = YES;
				CLANG_WARN_INFINITE_RECURSION = YES;
				CLANG_WARN_INT_CONVERSION = YES;
				CLANG_WARN_NON_LITERAL_NULL_CONVERSION = YES;
				CLANG_WARN_OBJC_IMPLICIT_RETAIN_SELF = YES;
				CLANG_WARN_OBJC_LITERAL_CONVERSION = YES;
				CLANG_WARN_OBJC_ROOT_CLASS = YES_ERROR;
				CLANG_WARN_RANGE_LOOP_ANALYSIS = YES;
				CLANG_WARN_STRICT_PROTOTYPES = YES;
				CLANG_WARN_SUSPICIOUS_MOVE = YES;
				CLANG_WARN_UNGUARDED_AVAILABILITY = YES_AGGRESSIVE;
				CLANG_WARN_UNREACHABLE_CODE = YES;
				CLANG_WARN__DUPLICATE_METHOD_MATCH = YES;
				COPY_PHASE_STRIP = NO;
				DEBUG_INFORMATION_FORMAT = "dwarf-with-dsym";
				ENABLE_NS_ASSERTIONS = NO;
				ENABLE_STRICT_OBJC_MSGSEND = YES;
				GCC_C_LANGUAGE_STANDARD = gnu11;
				GCC_NO_COMMON_BLOCKS = YES;
				GCC_WARN_64_TO_32_BIT_CONVERSION = YES;
				GCC_WARN_ABOUT_RETURN_TYPE = YES_ERROR;
				GCC_WARN_UNDECLARED_SELECTOR = YES;
				GCC_WARN_UNINITIALIZED_AUTOS = YES_AGGRESSIVE;
				GCC_WARN_UNUSED_FUNCTION = YES;
				GCC_WARN_UNUSED_VARIABLE = YES;
				IPHONEOS_DEPLOYMENT_TARGET = 13.2;
				MTL_ENABLE_DEBUG_INFO = NO;
				MTL_FAST_MATH = YES;
				SDKROOT = iphoneos;
				SWIFT_COMPILATION_MODE = wholemodule;
				SWIFT_OPTIMIZATION_LEVEL = "-O";
				VALIDATE_PRODUCT = YES;
			};
			name = Release;
		};
		1BF5CAB42412D4DF00DD0876 /* Debug */ = {
			isa = XCBuildConfiguration;
			buildSettings = {
				ASSETCATALOG_COMPILER_APPICON_NAME = AppIcon;
				CODE_SIGN_STYLE = Automatic;
				INFOPLIST_FILE = "Example-4/Info.plist";
				LD_RUNPATH_SEARCH_PATHS = (
					"$(inherited)",
					"@executable_path/Frameworks",
				);
				PRODUCT_BUNDLE_IDENTIFIER = "com.home.Example-4";
				PRODUCT_NAME = "$(TARGET_NAME)";
				SWIFT_VERSION = 5.0;
				TARGETED_DEVICE_FAMILY = "1,2";
			};
			name = Debug;
		};
		1BF5CAB52412D4DF00DD0876 /* Release */ = {
			isa = XCBuildConfiguration;
			buildSettings = {
				ASSETCATALOG_COMPILER_APPICON_NAME = AppIcon;
				CODE_SIGN_STYLE = Automatic;
				INFOPLIST_FILE = "Example-4/Info.plist";
				LD_RUNPATH_SEARCH_PATHS = (
					"$(inherited)",
					"@executable_path/Frameworks",
				);
				PRODUCT_BUNDLE_IDENTIFIER = "com.home.Example-4";
				PRODUCT_NAME = "$(TARGET_NAME)";
				SWIFT_VERSION = 5.0;
				TARGETED_DEVICE_FAMILY = "1,2";
			};
			name = Release;
		};
		1BF5CAB72412D4DF00DD0876 /* Debug */ = {
			isa = XCBuildConfiguration;
			buildSettings = {
				ALWAYS_EMBED_SWIFT_STANDARD_LIBRARIES = YES;
				BUNDLE_LOADER = "$(TEST_HOST)";
				CODE_SIGN_STYLE = Automatic;
				INFOPLIST_FILE = "Example-4Tests/Info.plist";
				IPHONEOS_DEPLOYMENT_TARGET = 13.2;
				LD_RUNPATH_SEARCH_PATHS = (
					"$(inherited)",
					"@executable_path/Frameworks",
					"@loader_path/Frameworks",
				);
				PRODUCT_BUNDLE_IDENTIFIER = "com.home.Example-4Tests";
				PRODUCT_NAME = "$(TARGET_NAME)";
				SWIFT_VERSION = 5.0;
				TARGETED_DEVICE_FAMILY = "1,2";
				TEST_HOST = "$(BUILT_PRODUCTS_DIR)/Example-4.app/Example-4";
			};
			name = Debug;
		};
		1BF5CAB82412D4DF00DD0876 /* Release */ = {
			isa = XCBuildConfiguration;
			buildSettings = {
				ALWAYS_EMBED_SWIFT_STANDARD_LIBRARIES = YES;
				BUNDLE_LOADER = "$(TEST_HOST)";
				CODE_SIGN_STYLE = Automatic;
				INFOPLIST_FILE = "Example-4Tests/Info.plist";
				IPHONEOS_DEPLOYMENT_TARGET = 13.2;
				LD_RUNPATH_SEARCH_PATHS = (
					"$(inherited)",
					"@executable_path/Frameworks",
					"@loader_path/Frameworks",
				);
				PRODUCT_BUNDLE_IDENTIFIER = "com.home.Example-4Tests";
				PRODUCT_NAME = "$(TARGET_NAME)";
				SWIFT_VERSION = 5.0;
				TARGETED_DEVICE_FAMILY = "1,2";
				TEST_HOST = "$(BUILT_PRODUCTS_DIR)/Example-4.app/Example-4";
			};
			name = Release;
		};
/* End XCBuildConfiguration section */

/* Begin XCConfigurationList section */
		1BF5CA8F2412D4D900DD0876 /* Build configuration list for PBXProject "Example-4" */ = {
			isa = XCConfigurationList;
			buildConfigurations = (
				1BF5CAB12412D4DF00DD0876 /* Debug */,
				1BF5CAB22412D4DF00DD0876 /* Release */,
			);
			defaultConfigurationIsVisible = 0;
			defaultConfigurationName = Release;
		};
		1BF5CAB32412D4DF00DD0876 /* Build configuration list for PBXNativeTarget "Example-4" */ = {
			isa = XCConfigurationList;
			buildConfigurations = (
				1BF5CAB42412D4DF00DD0876 /* Debug */,
				1BF5CAB52412D4DF00DD0876 /* Release */,
			);
			defaultConfigurationIsVisible = 0;
			defaultConfigurationName = Release;
		};
		1BF5CAB62412D4DF00DD0876 /* Build configuration list for PBXNativeTarget "Example-4Tests" */ = {
			isa = XCConfigurationList;
			buildConfigurations = (
				1BF5CAB72412D4DF00DD0876 /* Debug */,
				1BF5CAB82412D4DF00DD0876 /* Release */,
			);
			defaultConfigurationIsVisible = 0;
			defaultConfigurationName = Release;
		};
/* End XCConfigurationList section */
	};
	rootObject = 1BF5CA8C2412D4D900DD0876 /* Project object */;
}
